
Microsoft Visual Studio Solution File, Format Version 12.00
# Visual Studio Version 16
VisualStudioVersion = 16.0.30320.27
MinimumVisualStudioVersion = 10.0.40219.1
Project("{FAE04EC0-301F-11D3-BF4B-00C04F79EFBC}") = "projecct", "projecct.csproj", "{F5BDE8DE-752E-4DF4-9239-2383876737EC}"
EndProject
Global
	GlobalSection(SolutionConfigurationPlatforms) = preSolution
		Debug|Any CPU = Debug|Any CPU
		Release|Any CPU = Release|Any CPU
	EndGlobalSection
	GlobalSection(ProjectConfigurationPlatforms) = postSolution
		{F5BDE8DE-752E-4DF4-9239-2383876737EC}.Debug|Any CPU.ActiveCfg = Debug|Any CPU
		{F5BDE8DE-752E-4DF4-9239-2383876737EC}.Debug|Any CPU.Build.0 = Debug|Any CPU
		{F5BDE8DE-752E-4DF4-9239-2383876737EC}.Release|Any CPU.ActiveCfg = Release|Any CPU
		{F5BDE8DE-752E-4DF4-9239-2383876737EC}.Release|Any CPU.Build.0 = Release|Any CPU
	EndGlobalSection
	GlobalSection(SolutionProperties) = preSolution
		HideSolutionNode = FALSE
	EndGlobalSection
	GlobalSection(ExtensibilityGlobals) = postSolution
		SolutionGuid = {4E5C03E7-3A2B-4408-8D79-C9275F2E3604}
	EndGlobalSection
EndGlobal
